
Microsoft Visual Studio Solution File, Format Version 12.00
# Visual Studio Version 17
VisualStudioVersion = 17.8.34525.116
MinimumVisualStudioVersion = 10.0.40219.1
Project("{FAE04EC0-301F-11D3-BF4B-00C04F79EFBC}") = "Pract6", "Pract6\Pract6.csproj", "{3BF0DFBF-C307-4407-954D-694674998B8E}"
EndProject
Global
	GlobalSection(SolutionConfigurationPlatforms) = preSolution
		Debug|Any CPU = Debug|Any CPU
		Release|Any CPU = Release|Any CPU
	EndGlobalSection
	GlobalSection(ProjectConfigurationPlatforms) = postSolution
		{3BF0DFBF-C307-4407-954D-694674998B8E}.Debug|Any CPU.ActiveCfg = Debug|Any CPU
		{3BF0DFBF-C307-4407-954D-694674998B8E}.Debug|Any CPU.Build.0 = Debug|Any CPU
		{3BF0DFBF-C307-4407-954D-694674998B8E}.Release|Any CPU.ActiveCfg = Release|Any CPU
		{3BF0DFBF-C307-4407-954D-694674998B8E}.Release|Any CPU.Build.0 = Release|Any CPU
	EndGlobalSection
	GlobalSection(SolutionProperties) = preSolution
		HideSolutionNode = FALSE
	EndGlobalSection
	GlobalSection(ExtensibilityGlobals) = postSolution
		SolutionGuid = {6183EAF1-5678-44FC-9A1B-10846BCC31D1}
	EndGlobalSection
EndGlobal
